{
  "name": "@kehila/zmanim",
  "version": "1.2.0",
  "lockfileVersion": 3,
  "requires": true,
  "packages": {
    "": {
      "name": "@kehila/zmanim",
      "version": "1.2.0",
      "license": "MIT",
      "dependencies": {
        "@hebcal/solar-calc": "1.1.2",
        "tz-lookup": "^6.1.25"
      },
      "devDependencies": {
        "@hebcal/core": "^4.0.1"
      },
      "engines": {
        "node": ">=18"
      },
      "peerDependencies": {
        "@hebcal/core": ">=3 <7"
      }
    },
    "node_modules/@hebcal/core": {
      "version": "4.5.1",
      "resolved": "https://registry.npmjs.org/@hebcal/core/-/core-4.5.1.tgz",
      "integrity": "sha512-C3RvE52Tj/bfRDpnOPZ+EwSrtHP5mBLqsH7miMV1QxEvMBkwCPxlMY1dJcS2PaZ5UYxK1jN7vI+NaG5znfVhzA==",
      "dev": true,
      "license": "GPL-2.0",
      "engines": {
        "node": ">= 16.0.0"
      }
    },
    "node_modules/@hebcal/solar-calc": {
      "version": "1.1.2",
      "resolved": "https://registry.npmjs.org/@hebcal/solar-calc/-/solar-calc-1.1.2.tgz",
      "integrity": "sha512-x++ISoICeV9K5clDJwSCkj7Oc0U3DQJd4ECIq0ozROJ6CuhTd56NoOf48YGsTT5ayxo8M17SXlR2Qv+tGsJUjw==",
      "license": "MIT"
    },
    "node_modules/tz-lookup": {
      "version": "6.1.25",
      "resolved": "https://registry.npmjs.org/tz-lookup/-/tz-lookup-6.1.25.tgz",
      "integrity": "sha512-fFewT9o1uDzsW1QnUU1ValqaihFnwiUiiHr1S79/fxOzKXYYvX+EHeRnpvQJ9B3Qg67wPXT6QF2Esc4pFOrvLg==",
      "license": "CC0-1.0"
    }
  }
}
