{
  "name": "@kehila/zmanim",
  "version": "1.1.1",
  "lockfileVersion": 3,
  "requires": true,
  "packages": {
    "": {
      "name": "@kehila/zmanim",
      "version": "1.1.1",
      "license": "MIT",
      "dependencies": {
        "@hebcal/solar-calc": "1.1.2"
      },
      "engines": {
        "node": ">=18"
      }
    },
    "node_modules/@hebcal/solar-calc": {
      "version": "1.1.2",
      "resolved": "https://registry.npmjs.org/@hebcal/solar-calc/-/solar-calc-1.1.2.tgz",
      "integrity": "sha512-x++ISoICeV9K5clDJwSCkj7Oc0U3DQJd4ECIq0ozROJ6CuhTd56NoOf48YGsTT5ayxo8M17SXlR2Qv+tGsJUjw==",
      "license": "MIT"
    }
  }
}
